// !$*UTF8*$!
{
	archiveVersion = 1;
	classes = {
	};
	objectVersion = 56;
	objects = {

/* Begin PBXBuildFile section */
		046A85822DD57FAF00B8CF6E /* TimeDelayNotification.swift in Sources */ = {isa = PBXBuildFile; fileRef = 046A85812DD57FAF00B8CF6E /* TimeDelayNotification.swift */; };
		04888B872DD23CDF00366789 /* Jadwal.swift in Sources */ = {isa = PBXBuildFile; fileRef = 04888B862DD23CDF00366789 /* Jadwal.swift */; };
		04888B892DD23D3900366789 /* AddJadwalView.swift in Sources */ = {isa = PBXBuildFile; fileRef = 04888B882DD23D3900366789 /* AddJadwalView.swift */; };
		04FE7A722DD1236500D51E3C /* brain_switchingAppApp.swift in Sources */ = {isa = PBXBuildFile; fileRef = 04FE7A712DD1236500D51E3C /* brain_switchingAppApp.swift */; };
		04FE7A742DD1236500D51E3C /* ContentView.swift in Sources */ = {isa = PBXBuildFile; fileRef = 04FE7A732DD1236500D51E3C /* ContentView.swift */; };
		04FE7A762DD1236500D51E3C /* Item.swift in Sources */ = {isa = PBXBuildFile; fileRef = 04FE7A752DD1236500D51E3C /* Item.swift */; };
		04FE7A782DD1236600D51E3C /* Assets.xcassets in Resources */ = {isa = PBXBuildFile; fileRef = 04FE7A772DD1236600D51E3C /* Assets.xcassets */; };
		04FE7A7C2DD1236600D51E3C /* Preview Assets.xcassets in Resources */ = {isa = PBXBuildFile; fileRef = 04FE7A7B2DD1236600D51E3C /* Preview Assets.xcassets */; };
		04FE7A862DD1236600D51E3C /* brain_switchingAppTests.swift in Sources */ = {isa = PBXBuildFile; fileRef = 04FE7A852DD1236600D51E3C /* brain_switchingAppTests.swift */; };
		04FE7A902DD1236600D51E3C /* brain_switchingAppUITests.swift in Sources */ = {isa = PBXBuildFile; fileRef = 04FE7A8F2DD1236600D51E3C /* brain_switchingAppUITests.swift */; };
		04FE7A922DD1236600D51E3C /* brain_switchingAppUITestsLaunchTests.swift in Sources */ = {isa = PBXBuildFile; fileRef = 04FE7A912DD1236600D51E3C /* brain_switchingAppUITestsLaunchTests.swift */; };
		04FE7AA02DD1274F00D51E3C /* TimeDelayView.swift in Sources */ = {isa = PBXBuildFile; fileRef = 04FE7A9F2DD1274F00D51E3C /* TimeDelayView.swift */; };
		04FE7AA22DD127C500D51E3C /* CalendarHeaderView.swift in Sources */ = {isa = PBXBuildFile; fileRef = 04FE7AA12DD127C500D51E3C /* CalendarHeaderView.swift */; };
		04FE7AA42DD127FD00D51E3C /* TaskCardView.swift in Sources */ = {isa = PBXBuildFile; fileRef = 04FE7AA32DD127FD00D51E3C /* TaskCardView.swift */; };
/* End PBXBuildFile section */

/* Begin PBXContainerItemProxy section */
		04FE7A822DD1236600D51E3C /* PBXContainerItemProxy */ = {
			isa = PBXContainerItemProxy;
			containerPortal = 04FE7A662DD1236500D51E3C /* Project object */;
			proxyType = 1;
			remoteGlobalIDString = 04FE7A6D2DD1236500D51E3C;
			remoteInfo = brain_switchingApp;
		};
		04FE7A8C2DD1236600D51E3C /* PBXContainerItemProxy */ = {
			isa = PBXContainerItemProxy;
			containerPortal = 04FE7A662DD1236500D51E3C /* Project object */;
			proxyType = 1;
			remoteGlobalIDString = 04FE7A6D2DD1236500D51E3C;
			remoteInfo = brain_switchingApp;
		};
/* End PBXContainerItemProxy section */

/* Begin PBXFileReference section */
		046A85812DD57FAF00B8CF6E /* TimeDelayNotification.swift */ = {isa = PBXFileReference; lastKnownFileType = sourcecode.swift; path = TimeDelayNotification.swift; sourceTree = "<group>"; };
		04888B862DD23CDF00366789 /* Jadwal.swift */ = {isa = PBXFileReference; lastKnownFileType = sourcecode.swift; path = Jadwal.swift; sourceTree = "<group>"; };
		04888B882DD23D3900366789 /* AddJadwalView.swift */ = {isa = PBXFileReference; lastKnownFileType = sourcecode.swift; path = AddJadwalView.swift; sourceTree = "<group>"; };
		04FE7A6E2DD1236500D51E3C /* brain_switchingApp.app */ = {isa = PBXFileReference; explicitFileType = wrapper.application; includeInIndex = 0; path = brain_switchingApp.app; sourceTree = BUILT_PRODUCTS_DIR; };
		04FE7A712DD1236500D51E3C /* brain_switchingAppApp.swift */ = {isa = PBXFileReference; lastKnownFileType = sourcecode.swift; path = brain_switchingAppApp.swift; sourceTree = "<group>"; };
		04FE7A732DD1236500D51E3C /* ContentView.swift */ = {isa = PBXFileReference; lastKnownFileType = sourcecode.swift; path = ContentView.swift; sourceTree = "<group>"; };
		04FE7A752DD1236500D51E3C /* Item.swift */ = {isa = PBXFileReference; lastKnownFileType = sourcecode.swift; path = Item.swift; sourceTree = "<group>"; };
		04FE7A772DD1236600D51E3C /* Assets.xcassets */ = {isa = PBXFileReference; lastKnownFileType = folder.assetcatalog; path = Assets.xcassets; sourceTree = "<group>"; };
		04FE7A792DD1236600D51E3C /* brain_switchingApp.entitlements */ = {isa = PBXFileReference; lastKnownFileType = text.plist.entitlements; path = brain_switchingApp.entitlements; sourceTree = "<group>"; };
		04FE7A7B2DD1236600D51E3C /* Preview Assets.xcassets */ = {isa = PBXFileReference; lastKnownFileType = folder.assetcatalog; path = "Preview Assets.xcassets"; sourceTree = "<group>"; };
		04FE7A812DD1236600D51E3C /* brain_switchingAppTests.xctest */ = {isa = PBXFileReference; explicitFileType = wrapper.cfbundle; includeInIndex = 0; path = brain_switchingAppTests.xctest; sourceTree = BUILT_PRODUCTS_DIR; };
		04FE7A852DD1236600D51E3C /* brain_switchingAppTests.swift */ = {isa = PBXFileReference; lastKnownFileType = sourcecode.swift; path = brain_switchingAppTests.swift; sourceTree = "<group>"; };
		04FE7A8B2DD1236600D51E3C /* brain_switchingAppUITests.xctest */ = {isa = PBXFileReference; explicitFileType = wrapper.cfbundle; includeInIndex = 0; path = brain_switchingAppUITests.xctest; sourceTree = BUILT_PRODUCTS_DIR; };
		04FE7A8F2DD1236600D51E3C /* brain_switchingAppUITests.swift */ = {isa = PBXFileReference; lastKnownFileType = sourcecode.swift; path = brain_switchingAppUITests.swift; sourceTree = "<group>"; };
		04FE7A912DD1236600D51E3C /* brain_switchingAppUITestsLaunchTests.swift */ = {isa = PBXFileReference; lastKnownFileType = sourcecode.swift; path = brain_switchingAppUITestsLaunchTests.swift; sourceTree = "<group>"; };
		04FE7A9F2DD1274F00D51E3C /* TimeDelayView.swift */ = {isa = PBXFileReference; lastKnownFileType = sourcecode.swift; path = TimeDelayView.swift; sourceTree = "<group>"; };
		04FE7AA12DD127C500D51E3C /* CalendarHeaderView.swift */ = {isa = PBXFileReference; lastKnownFileType = sourcecode.swift; path = CalendarHeaderView.swift; sourceTree = "<group>"; };
		04FE7AA32DD127FD00D51E3C /* TaskCardView.swift */ = {isa = PBXFileReference; lastKnownFileType = sourcecode.swift; path = TaskCardView.swift; sourceTree = "<group>"; };
/* End PBXFileReference section */

/* Begin PBXFrameworksBuildPhase section */
		04FE7A6B2DD1236500D51E3C /* Frameworks */ = {
			isa = PBXFrameworksBuildPhase;
			buildActionMask = 2147483647;
			files = (
			);
			runOnlyForDeploymentPostprocessing = 0;
		};
		04FE7A7E2DD1236600D51E3C /* Frameworks */ = {
			isa = PBXFrameworksBuildPhase;
			buildActionMask = 2147483647;
			files = (
			);
			runOnlyForDeploymentPostprocessing = 0;
		};
		04FE7A882DD1236600D51E3C /* Frameworks */ = {
			isa = PBXFrameworksBuildPhase;
			buildActionMask = 2147483647;
			files = (
			);
			runOnlyForDeploymentPostprocessing = 0;
		};
/* End PBXFrameworksBuildPhase section */

/* Begin PBXGroup section */
		046A85802DD57F3100B8CF6E /* Notification */ = {
			isa = PBXGroup;
			children = (
				046A85812DD57FAF00B8CF6E /* TimeDelayNotification.swift */,
			);
			name = Notification;
			path = Services/Notification;
			sourceTree = "<group>";
		};
		04888B852DD23CC000366789 /* Models */ = {
			isa = PBXGroup;
			children = (
				04888B862DD23CDF00366789 /* Jadwal.swift */,
			);
			path = Models;
			sourceTree = "<group>";
		};
		04FE7A652DD1236500D51E3C = {
			isa = PBXGroup;
			children = (
				04FE7A702DD1236500D51E3C /* brain_switchingApp */,
				04FE7A842DD1236600D51E3C /* brain_switchingAppTests */,
				04FE7A8E2DD1236600D51E3C /* brain_switchingAppUITests */,
				04FE7A6F2DD1236500D51E3C /* Products */,
			);
			sourceTree = "<group>";
		};
		04FE7A6F2DD1236500D51E3C /* Products */ = {
			isa = PBXGroup;
			children = (
				04FE7A6E2DD1236500D51E3C /* brain_switchingApp.app */,
				04FE7A812DD1236600D51E3C /* brain_switchingAppTests.xctest */,
				04FE7A8B2DD1236600D51E3C /* brain_switchingAppUITests.xctest */,
			);
			name = Products;
			sourceTree = "<group>";
		};
		04FE7A702DD1236500D51E3C /* brain_switchingApp */ = {
			isa = PBXGroup;
			children = (
				046A85802DD57F3100B8CF6E /* Notification */,
				04888B852DD23CC000366789 /* Models */,
				04FE7A9E2DD1272400D51E3C /* ItemViews */,
				04FE7A712DD1236500D51E3C /* brain_switchingAppApp.swift */,
				04FE7A732DD1236500D51E3C /* ContentView.swift */,
				04FE7A752DD1236500D51E3C /* Item.swift */,
				04FE7A772DD1236600D51E3C /* Assets.xcassets */,
				04FE7A792DD1236600D51E3C /* brain_switchingApp.entitlements */,
				04FE7A7A2DD1236600D51E3C /* Preview Content */,
			);
			path = brain_switchingApp;
			sourceTree = "<group>";
		};
		04FE7A7A2DD1236600D51E3C /* Preview Content */ = {
			isa = PBXGroup;
			children = (
				04FE7A7B2DD1236600D51E3C /* Preview Assets.xcassets */,
			);
			path = "Preview Content";
			sourceTree = "<group>";
		};
		04FE7A842DD1236600D51E3C /* brain_switchingAppTests */ = {
			isa = PBXGroup;
			children = (
				04FE7A852DD1236600D51E3C /* brain_switchingAppTests.swift */,
			);
			path = brain_switchingAppTests;
			sourceTree = "<group>";
		};
		04FE7A8E2DD1236600D51E3C /* brain_switchingAppUITests */ = {
			isa = PBXGroup;
			children = (
				04FE7A8F2DD1236600D51E3C /* brain_switchingAppUITests.swift */,
				04FE7A912DD1236600D51E3C /* brain_switchingAppUITestsLaunchTests.swift */,
			);
			path = brain_switchingAppUITests;
			sourceTree = "<group>";
		};
		04FE7A9E2DD1272400D51E3C /* ItemViews */ = {
			isa = PBXGroup;
			children = (
				04FE7A9F2DD1274F00D51E3C /* TimeDelayView.swift */,
				04FE7AA12DD127C500D51E3C /* CalendarHeaderView.swift */,
				04FE7AA32DD127FD00D51E3C /* TaskCardView.swift */,
				04888B882DD23D3900366789 /* AddJadwalView.swift */,
			);
			path = ItemViews;
			sourceTree = "<group>";
		};
/* End PBXGroup section */

/* Begin PBXNativeTarget section */
		04FE7A6D2DD1236500D51E3C /* brain_switchingApp */ = {
			isa = PBXNativeTarget;
			buildConfigurationList = 04FE7A952DD1236600D51E3C /* Build configuration list for PBXNativeTarget "brain_switchingApp" */;
			buildPhases = (
				04FE7A6A2DD1236500D51E3C /* Sources */,
				04FE7A6B2DD1236500D51E3C /* Frameworks */,
				04FE7A6C2DD1236500D51E3C /* Resources */,
			);
			buildRules = (
			);
			dependencies = (
			);
			name = brain_switchingApp;
			productName = brain_switchingApp;
			productReference = 04FE7A6E2DD1236500D51E3C /* brain_switchingApp.app */;
			productType = "com.apple.product-type.application";
		};
		04FE7A802DD1236600D51E3C /* brain_switchingAppTests */ = {
			isa = PBXNativeTarget;
			buildConfigurationList = 04FE7A982DD1236600D51E3C /* Build configuration list for PBXNativeTarget "brain_switchingAppTests" */;
			buildPhases = (
				04FE7A7D2DD1236600D51E3C /* Sources */,
				04FE7A7E2DD1236600D51E3C /* Frameworks */,
				04FE7A7F2DD1236600D51E3C /* Resources */,
			);
			buildRules = (
			);
			dependencies = (
				04FE7A832DD1236600D51E3C /* PBXTargetDependency */,
			);
			name = brain_switchingAppTests;
			productName = brain_switchingAppTests;
			productReference = 04FE7A812DD1236600D51E3C /* brain_switchingAppTests.xctest */;
			productType = "com.apple.product-type.bundle.unit-test";
		};
		04FE7A8A2DD1236600D51E3C /* brain_switchingAppUITests */ = {
			isa = PBXNativeTarget;
			buildConfigurationList = 04FE7A9B2DD1236600D51E3C /* Build configuration list for PBXNativeTarget "brain_switchingAppUITests" */;
			buildPhases = (
				04FE7A872DD1236600D51E3C /* Sources */,
				04FE7A882DD1236600D51E3C /* Frameworks */,
				04FE7A892DD1236600D51E3C /* Resources */,
			);
			buildRules = (
			);
			dependencies = (
				04FE7A8D2DD1236600D51E3C /* PBXTargetDependency */,
			);
			name = brain_switchingAppUITests;
			productName = brain_switchingAppUITests;
			productReference = 04FE7A8B2DD1236600D51E3C /* brain_switchingAppUITests.xctest */;
			productType = "com.apple.product-type.bundle.ui-testing";
		};
/* End PBXNativeTarget section */

/* Begin PBXProject section */
		04FE7A662DD1236500D51E3C /* Project object */ = {
			isa = PBXProject;
			attributes = {
				BuildIndependentTargetsInParallel = 1;
				LastSwiftUpdateCheck = 1540;
				LastUpgradeCheck = 1540;
				TargetAttributes = {
					04FE7A6D2DD1236500D51E3C = {
						CreatedOnToolsVersion = 15.4;
					};
					04FE7A802DD1236600D51E3C = {
						CreatedOnToolsVersion = 15.4;
						TestTargetID = 04FE7A6D2DD1236500D51E3C;
					};
					04FE7A8A2DD1236600D51E3C = {
						CreatedOnToolsVersion = 15.4;
						TestTargetID = 04FE7A6D2DD1236500D51E3C;
					};
				};
			};
			buildConfigurationList = 04FE7A692DD1236500D51E3C /* Build configuration list for PBXProject "brain_switchingApp" */;
			compatibilityVersion = "Xcode 14.0";
			developmentRegion = en;
			hasScannedForEncodings = 0;
			knownRegions = (
				en,
				Base,
			);
			mainGroup = 04FE7A652DD1236500D51E3C;
			productRefGroup = 04FE7A6F2DD1236500D51E3C /* Products */;
			projectDirPath = "";
			projectRoot = "";
			targets = (
				04FE7A6D2DD1236500D51E3C /* brain_switchingApp */,
				04FE7A802DD1236600D51E3C /* brain_switchingAppTests */,
				04FE7A8A2DD1236600D51E3C /* brain_switchingAppUITests */,
			);
		};
/* End PBXProject section */

/* Begin PBXResourcesBuildPhase section */
		04FE7A6C2DD1236500D51E3C /* Resources */ = {
			isa = PBXResourcesBuildPhase;
			buildActionMask = 2147483647;
			files = (
				04FE7A7C2DD1236600D51E3C /* Preview Assets.xcassets in Resources */,
				04FE7A782DD1236600D51E3C /* Assets.xcassets in Resources */,
			);
			runOnlyForDeploymentPostprocessing = 0;
		};
		04FE7A7F2DD1236600D51E3C /* Resources */ = {
			isa = PBXResourcesBuildPhase;
			buildActionMask = 2147483647;
			files = (
			);
			runOnlyForDeploymentPostprocessing = 0;
		};
		04FE7A892DD1236600D51E3C /* Resources */ = {
			isa = PBXResourcesBuildPhase;
			buildActionMask = 2147483647;
			files = (
			);
			runOnlyForDeploymentPostprocessing = 0;
		};
/* End PBXResourcesBuildPhase section */

/* Begin PBXSourcesBuildPhase section */
		04FE7A6A2DD1236500D51E3C /* Sources */ = {
			isa = PBXSourcesBuildPhase;
			buildActionMask = 2147483647;
			files = (
				046A85822DD57FAF00B8CF6E /* TimeDelayNotification.swift in Sources */,
				04FE7AA02DD1274F00D51E3C /* TimeDelayView.swift in Sources */,
				04FE7AA42DD127FD00D51E3C /* TaskCardView.swift in Sources */,
				04888B872DD23CDF00366789 /* Jadwal.swift in Sources */,
				04FE7A742DD1236500D51E3C /* ContentView.swift in Sources */,
				04FE7A762DD1236500D51E3C /* Item.swift in Sources */,
				04888B892DD23D3900366789 /* AddJadwalView.swift in Sources */,
				04FE7AA22DD127C500D51E3C /* CalendarHeaderView.swift in Sources */,
				04FE7A722DD1236500D51E3C /* brain_switchingAppApp.swift in Sources */,
			);
			runOnlyForDeploymentPostprocessing = 0;
		};
		04FE7A7D2DD1236600D51E3C /* Sources */ = {
			isa = PBXSourcesBuildPhase;
			buildActionMask = 2147483647;
			files = (
				04FE7A862DD1236600D51E3C /* brain_switchingAppTests.swift in Sources */,
			);
			runOnlyForDeploymentPostprocessing = 0;
		};
		04FE7A872DD1236600D51E3C /* Sources */ = {
			isa = PBXSourcesBuildPhase;
			buildActionMask = 2147483647;
			files = (
				04FE7A922DD1236600D51E3C /* brain_switchingAppUITestsLaunchTests.swift in Sources */,
				04FE7A902DD1236600D51E3C /* brain_switchingAppUITests.swift in Sources */,
			);
			runOnlyForDeploymentPostprocessing = 0;
		};
/* End PBXSourcesBuildPhase section */

/* Begin PBXTargetDependency section */
		04FE7A832DD1236600D51E3C /* PBXTargetDependency */ = {
			isa = PBXTargetDependency;
			target = 04FE7A6D2DD1236500D51E3C /* brain_switchingApp */;
			targetProxy = 04FE7A822DD1236600D51E3C /* PBXContainerItemProxy */;
		};
		04FE7A8D2DD1236600D51E3C /* PBXTargetDependency */ = {
			isa = PBXTargetDependency;
			target = 04FE7A6D2DD1236500D51E3C /* brain_switchingApp */;
			targetProxy = 04FE7A8C2DD1236600D51E3C /* PBXContainerItemProxy */;
		};
/* End PBXTargetDependency section */

/* Begin XCBuildConfiguration section */
		04FE7A932DD1236600D51E3C /* Debug */ = {
			isa = XCBuildConfiguration;
			buildSettings = {
				ALWAYS_SEARCH_USER_PATHS = NO;
				ASSETCATALOG_COMPILER_GENERATE_SWIFT_ASSET_SYMBOL_EXTENSIONS = YES;
				CLANG_ANALYZER_NONNULL = YES;
				CLANG_ANALYZER_NUMBER_OBJECT_CONVERSION = YES_AGGRESSIVE;
				CLANG_CXX_LANGUAGE_STANDARD = "gnu++20";
				CLANG_ENABLE_MODULES = YES;
				CLANG_ENABLE_OBJC_ARC = YES;
				CLANG_ENABLE_OBJC_WEAK = YES;
				CLANG_WARN_BLOCK_CAPTURE_AUTORELEASING = YES;
				CLANG_WARN_BOOL_CONVERSION = YES;
				CLANG_WARN_COMMA = YES;
				CLANG_WARN_CONSTANT_CONVERSION = YES;
				CLANG_WARN_DEPRECATED_OBJC_IMPLEMENTATIONS = YES;
				CLANG_WARN_DIRECT_OBJC_ISA_USAGE = YES_ERROR;
				CLANG_WARN_DOCUMENTATION_COMMENTS = YES;
				CLANG_WARN_EMPTY_BODY = YES;
				CLANG_WARN_ENUM_CONVERSION = YES;
				CLANG_WARN_INFINITE_RECURSION = YES;
				CLANG_WARN_INT_CONVERSION = YES;
				CLANG_WARN_NON_LITERAL_NULL_CONVERSION = YES;
				CLANG_WARN_OBJC_IMPLICIT_RETAIN_SELF = YES;
				CLANG_WARN_OBJC_LITERAL_CONVERSION = YES;
				CLANG_WARN_OBJC_ROOT_CLASS = YES_ERROR;
				CLANG_WARN_QUOTED_INCLUDE_IN_FRAMEWORK_HEADER = YES;
				CLANG_WARN_RANGE_LOOP_ANALYSIS = YES;
				CLANG_WARN_STRICT_PROTOTYPES = YES;
				CLANG_WARN_SUSPICIOUS_MOVE = YES;
				CLANG_WARN_UNGUARDED_AVAILABILITY = YES_AGGRESSIVE;
				CLANG_WARN_UNREACHABLE_CODE = YES;
				CLANG_WARN__DUPLICATE_METHOD_MATCH = YES;
				COPY_PHASE_STRIP = NO;
				DEBUG_INFORMATION_FORMAT = dwarf;
				ENABLE_STRICT_OBJC_MSGSEND = YES;
				ENABLE_TESTABILITY = YES;
				ENABLE_USER_SCRIPT_SANDBOXING = YES;
				GCC_C_LANGUAGE_STANDARD = gnu17;
				GCC_DYNAMIC_NO_PIC = NO;
				GCC_NO_COMMON_BLOCKS = YES;
				GCC_OPTIMIZATION_LEVEL = 0;
				GCC_PREPROCESSOR_DEFINITIONS = (
					"DEBUG=1",
					"$(inherited)",
				);
				GCC_WARN_64_TO_32_BIT_CONVERSION = YES;
				GCC_WARN_ABOUT_RETURN_TYPE = YES_ERROR;
				GCC_WARN_UNDECLARED_SELECTOR = YES;
				GCC_WARN_UNINITIALIZED_AUTOS = YES_AGGRESSIVE;
				GCC_WARN_UNUSED_FUNCTION = YES;
				GCC_WARN_UNUSED_VARIABLE = YES;
				LOCALIZATION_PREFERS_STRING_CATALOGS = YES;
				MTL_ENABLE_DEBUG_INFO = INCLUDE_SOURCE;
				MTL_FAST_MATH = YES;
				ONLY_ACTIVE_ARCH = YES;
				SWIFT_ACTIVE_COMPILATION_CONDITIONS = "DEBUG $(inherited)";
				SWIFT_OPTIMIZATION_LEVEL = "-Onone";
			};
			name = Debug;
		};
		04FE7A942DD1236600D51E3C /* Release */ = {
			isa = XCBuildConfiguration;
			buildSettings = {
				ALWAYS_SEARCH_USER_PATHS = NO;
				ASSETCATALOG_COMPILER_GENERATE_SWIFT_ASSET_SYMBOL_EXTENSIONS = YES;
				CLANG_ANALYZER_NONNULL = YES;
				CLANG_ANALYZER_NUMBER_OBJECT_CONVERSION = YES_AGGRESSIVE;
				CLANG_CXX_LANGUAGE_STANDARD = "gnu++20";
				CLANG_ENABLE_MODULES = YES;
				CLANG_ENABLE_OBJC_ARC = YES;
				CLANG_ENABLE_OBJC_WEAK = YES;
				CLANG_WARN_BLOCK_CAPTURE_AUTORELEASING = YES;
				CLANG_WARN_BOOL_CONVERSION = YES;
				CLANG_WARN_COMMA = YES;
				CLANG_WARN_CONSTANT_CONVERSION = YES;
				CLANG_WARN_DEPRECATED_OBJC_IMPLEMENTATIONS = YES;
				CLANG_WARN_DIRECT_OBJC_ISA_USAGE = YES_ERROR;
				CLANG_WARN_DOCUMENTATION_COMMENTS = YES;
				CLANG_WARN_EMPTY_BODY = YES;
				CLANG_WARN_ENUM_CONVERSION = YES;
				CLANG_WARN_INFINITE_RECURSION = YES;
				CLANG_WARN_INT_CONVERSION = YES;
				CLANG_WARN_NON_LITERAL_NULL_CONVERSION = YES;
				CLANG_WARN_OBJC_IMPLICIT_RETAIN_SELF = YES;
				CLANG_WARN_OBJC_LITERAL_CONVERSION = YES;
				CLANG_WARN_OBJC_ROOT_CLASS = YES_ERROR;
				CLANG_WARN_QUOTED_INCLUDE_IN_FRAMEWORK_HEADER = YES;
				CLANG_WARN_RANGE_LOOP_ANALYSIS = YES;
				CLANG_WARN_STRICT_PROTOTYPES = YES;
				CLANG_WARN_SUSPICIOUS_MOVE = YES;
				CLANG_WARN_UNGUARDED_AVAILABILITY = YES_AGGRESSIVE;
				CLANG_WARN_UNREACHABLE_CODE = YES;
				CLANG_WARN__DUPLICATE_METHOD_MATCH = YES;
				COPY_PHASE_STRIP = NO;
				DEBUG_INFORMATION_FORMAT = "dwarf-with-dsym";
				ENABLE_NS_ASSERTIONS = NO;
				ENABLE_STRICT_OBJC_MSGSEND = YES;
				ENABLE_USER_SCRIPT_SANDBOXING = YES;
				GCC_C_LANGUAGE_STANDARD = gnu17;
				GCC_NO_COMMON_BLOCKS = YES;
				GCC_WARN_64_TO_32_BIT_CONVERSION = YES;
				GCC_WARN_ABOUT_RETURN_TYPE = YES_ERROR;
				GCC_WARN_UNDECLARED_SELECTOR = YES;
				GCC_WARN_UNINITIALIZED_AUTOS = YES_AGGRESSIVE;
				GCC_WARN_UNUSED_FUNCTION = YES;
				GCC_WARN_UNUSED_VARIABLE = YES;
				LOCALIZATION_PREFERS_STRING_CATALOGS = YES;
				MTL_ENABLE_DEBUG_INFO = NO;
				MTL_FAST_MATH = YES;
				SWIFT_COMPILATION_MODE = wholemodule;
			};
			name = Release;
		};
		04FE7A962DD1236600D51E3C /* Debug */ = {
			isa = XCBuildConfiguration;
			buildSettings = {
				ASSETCATALOG_COMPILER_APPICON_NAME = AppIcon;
				ASSETCATALOG_COMPILER_GLOBAL_ACCENT_COLOR_NAME = AccentColor;
				CODE_SIGN_ENTITLEMENTS = brain_switchingApp/brain_switchingApp.entitlements;
				CODE_SIGN_STYLE = Automatic;
				CURRENT_PROJECT_VERSION = 1;
				DEVELOPMENT_ASSET_PATHS = "\"brain_switchingApp/Preview Content\"";
				DEVELOPMENT_TEAM = 6GXN5MP2UM;
				ENABLE_PREVIEWS = YES;
				GENERATE_INFOPLIST_FILE = YES;
				"INFOPLIST_KEY_UIApplicationSceneManifest_Generation[sdk=iphoneos*]" = YES;
				"INFOPLIST_KEY_UIApplicationSceneManifest_Generation[sdk=iphonesimulator*]" = YES;
				"INFOPLIST_KEY_UIApplicationSupportsIndirectInputEvents[sdk=iphoneos*]" = YES;
				"INFOPLIST_KEY_UIApplicationSupportsIndirectInputEvents[sdk=iphonesimulator*]" = YES;
				"INFOPLIST_KEY_UILaunchScreen_Generation[sdk=iphoneos*]" = YES;
				"INFOPLIST_KEY_UILaunchScreen_Generation[sdk=iphonesimulator*]" = YES;
				"INFOPLIST_KEY_UIStatusBarStyle[sdk=iphoneos*]" = UIStatusBarStyleDefault;
				"INFOPLIST_KEY_UIStatusBarStyle[sdk=iphonesimulator*]" = UIStatusBarStyleDefault;
				INFOPLIST_KEY_UISupportedInterfaceOrientations_iPad = "UIInterfaceOrientationPortrait UIInterfaceOrientationPortraitUpsideDown UIInterfaceOrientationLandscapeLeft UIInterfaceOrientationLandscapeRight";
				INFOPLIST_KEY_UISupportedInterfaceOrientations_iPhone = "UIInterfaceOrientationPortrait UIInterfaceOrientationLandscapeLeft UIInterfaceOrientationLandscapeRight";
				IPHONEOS_DEPLOYMENT_TARGET = 17.5;
				LD_RUNPATH_SEARCH_PATHS = "@executable_path/Frameworks";
				"LD_RUNPATH_SEARCH_PATHS[sdk=macosx*]" = "@executable_path/../Frameworks";
				MACOSX_DEPLOYMENT_TARGET = 14.0;
				MARKETING_VERSION = 1.0;
				PRODUCT_BUNDLE_IDENTIFIER = "firdaus.brain-switchingApp";
				PRODUCT_NAME = "$(TARGET_NAME)";
				SDKROOT = auto;
				SUPPORTED_PLATFORMS = "iphoneos iphonesimulator macosx";
				SWIFT_EMIT_LOC_STRINGS = YES;
				SWIFT_VERSION = 5.0;
				TARGETED_DEVICE_FAMILY = "1,2";
			};
			name = Debug;
		};
		04FE7A972DD1236600D51E3C /* Release */ = {
			isa = XCBuildConfiguration;
			buildSettings = {
				ASSETCATALOG_COMPILER_APPICON_NAME = AppIcon;
				ASSETCATALOG_COMPILER_GLOBAL_ACCENT_COLOR_NAME = AccentColor;
				CODE_SIGN_ENTITLEMENTS = brain_switchingApp/brain_switchingApp.entitlements;
				CODE_SIGN_STYLE = Automatic;
				CURRENT_PROJECT_VERSION = 1;
				DEVELOPMENT_ASSET_PATHS = "\"brain_switchingApp/Preview Content\"";
				DEVELOPMENT_TEAM = 6GXN5MP2UM;
				ENABLE_PREVIEWS = YES;
				GENERATE_INFOPLIST_FILE = YES;
				"INFOPLIST_KEY_UIApplicationSceneManifest_Generation[sdk=iphoneos*]" = YES;
				"INFOPLIST_KEY_UIApplicationSceneManifest_Generation[sdk=iphonesimulator*]" = YES;
				"INFOPLIST_KEY_UIApplicationSupportsIndirectInputEvents[sdk=iphoneos*]" = YES;
				"INFOPLIST_KEY_UIApplicationSupportsIndirectInputEvents[sdk=iphonesimulator*]" = YES;
				"INFOPLIST_KEY_UILaunchScreen_Generation[sdk=iphoneos*]" = YES;
				"INFOPLIST_KEY_UILaunchScreen_Generation[sdk=iphonesimulator*]" = YES;
				"INFOPLIST_KEY_UIStatusBarStyle[sdk=iphoneos*]" = UIStatusBarStyleDefault;
				"INFOPLIST_KEY_UIStatusBarStyle[sdk=iphonesimulator*]" = UIStatusBarStyleDefault;
				INFOPLIST_KEY_UISupportedInterfaceOrientations_iPad = "UIInterfaceOrientationPortrait UIInterfaceOrientationPortraitUpsideDown UIInterfaceOrientationLandscapeLeft UIInterfaceOrientationLandscapeRight";
				INFOPLIST_KEY_UISupportedInterfaceOrientations_iPhone = "UIInterfaceOrientationPortrait UIInterfaceOrientationLandscapeLeft UIInterfaceOrientationLandscapeRight";
				IPHONEOS_DEPLOYMENT_TARGET = 17.5;
				LD_RUNPATH_SEARCH_PATHS = "@executable_path/Frameworks";
				"LD_RUNPATH_SEARCH_PATHS[sdk=macosx*]" = "@executable_path/../Frameworks";
				MACOSX_DEPLOYMENT_TARGET = 14.0;
				MARKETING_VERSION = 1.0;
				PRODUCT_BUNDLE_IDENTIFIER = "firdaus.brain-switchingApp";
				PRODUCT_NAME = "$(TARGET_NAME)";
				SDKROOT = auto;
				SUPPORTED_PLATFORMS = "iphoneos iphonesimulator macosx";
				SWIFT_EMIT_LOC_STRINGS = YES;
				SWIFT_VERSION = 5.0;
				TARGETED_DEVICE_FAMILY = "1,2";
			};
			name = Release;
		};
		04FE7A992DD1236600D51E3C /* Debug */ = {
			isa = XCBuildConfiguration;
			buildSettings = {
				ALWAYS_EMBED_SWIFT_STANDARD_LIBRARIES = YES;
				BUNDLE_LOADER = "$(TEST_HOST)";
				CODE_SIGN_STYLE = Automatic;
				CURRENT_PROJECT_VERSION = 1;
				DEVELOPMENT_TEAM = 6GXN5MP2UM;
				GENERATE_INFOPLIST_FILE = YES;
				IPHONEOS_DEPLOYMENT_TARGET = 17.5;
				MACOSX_DEPLOYMENT_TARGET = 14.0;
				MARKETING_VERSION = 1.0;
				PRODUCT_BUNDLE_IDENTIFIER = "firdaus.brain-switchingAppTests";
				PRODUCT_NAME = "$(TARGET_NAME)";
				SDKROOT = auto;
				SUPPORTED_PLATFORMS = "iphoneos iphonesimulator macosx";
				SWIFT_EMIT_LOC_STRINGS = NO;
				SWIFT_VERSION = 5.0;
				TARGETED_DEVICE_FAMILY = "1,2";
				TEST_HOST = "$(BUILT_PRODUCTS_DIR)/brain_switchingApp.app/$(BUNDLE_EXECUTABLE_FOLDER_PATH)/brain_switchingApp";
			};
			name = Debug;
		};
		04FE7A9A2DD1236600D51E3C /* Release */ = {
			isa = XCBuildConfiguration;
			buildSettings = {
				ALWAYS_EMBED_SWIFT_STANDARD_LIBRARIES = YES;
				BUNDLE_LOADER = "$(TEST_HOST)";
				CODE_SIGN_STYLE = Automatic;
				CURRENT_PROJECT_VERSION = 1;
				DEVELOPMENT_TEAM = 6GXN5MP2UM;
				GENERATE_INFOPLIST_FILE = YES;
				IPHONEOS_DEPLOYMENT_TARGET = 17.5;
				MACOSX_DEPLOYMENT_TARGET = 14.0;
				MARKETING_VERSION = 1.0;
				PRODUCT_BUNDLE_IDENTIFIER = "firdaus.brain-switchingAppTests";
				PRODUCT_NAME = "$(TARGET_NAME)";
				SDKROOT = auto;
				SUPPORTED_PLATFORMS = "iphoneos iphonesimulator macosx";
				SWIFT_EMIT_LOC_STRINGS = NO;
				SWIFT_VERSION = 5.0;
				TARGETED_DEVICE_FAMILY = "1,2";
				TEST_HOST = "$(BUILT_PRODUCTS_DIR)/brain_switchingApp.app/$(BUNDLE_EXECUTABLE_FOLDER_PATH)/brain_switchingApp";
			};
			name = Release;
		};
		04FE7A9C2DD1236600D51E3C /* Debug */ = {
			isa = XCBuildConfiguration;
			buildSettings = {
				ALWAYS_EMBED_SWIFT_STANDARD_LIBRARIES = YES;
				CODE_SIGN_STYLE = Automatic;
				CURRENT_PROJECT_VERSION = 1;
				GENERATE_INFOPLIST_FILE = YES;
				IPHONEOS_DEPLOYMENT_TARGET = 17.5;
				MACOSX_DEPLOYMENT_TARGET = 14.0;
				MARKETING_VERSION = 1.0;
				PRODUCT_BUNDLE_IDENTIFIER = "firdaus.brain-switchingAppUITests";
				PRODUCT_NAME = "$(TARGET_NAME)";
				SDKROOT = auto;
				SUPPORTED_PLATFORMS = "iphoneos iphonesimulator macosx";
				SWIFT_EMIT_LOC_STRINGS = NO;
				SWIFT_VERSION = 5.0;
				TARGETED_DEVICE_FAMILY = "1,2";
				TEST_TARGET_NAME = brain_switchingApp;
			};
			name = Debug;
		};
		04FE7A9D2DD1236600D51E3C /* Release */ = {
			isa = XCBuildConfiguration;
			buildSettings = {
				ALWAYS_EMBED_SWIFT_STANDARD_LIBRARIES = YES;
				CODE_SIGN_STYLE = Automatic;
				CURRENT_PROJECT_VERSION = 1;
				GENERATE_INFOPLIST_FILE = YES;
				IPHONEOS_DEPLOYMENT_TARGET = 17.5;
				MACOSX_DEPLOYMENT_TARGET = 14.0;
				MARKETING_VERSION = 1.0;
				PRODUCT_BUNDLE_IDENTIFIER = "firdaus.brain-switchingAppUITests";
				PRODUCT_NAME = "$(TARGET_NAME)";
				SDKROOT = auto;
				SUPPORTED_PLATFORMS = "iphoneos iphonesimulator macosx";
				SWIFT_EMIT_LOC_STRINGS = NO;
				SWIFT_VERSION = 5.0;
				TARGETED_DEVICE_FAMILY = "1,2";
				TEST_TARGET_NAME = brain_switchingApp;
			};
			name = Release;
		};
/* End XCBuildConfiguration section */

/* Begin XCConfigurationList section */
		04FE7A692DD1236500D51E3C /* Build configuration list for PBXProject "brain_switchingApp" */ = {
			isa = XCConfigurationList;
			buildConfigurations = (
				04FE7A932DD1236600D51E3C /* Debug */,
				04FE7A942DD1236600D51E3C /* Release */,
			);
			defaultConfigurationIsVisible = 0;
			defaultConfigurationName = Release;
		};
		04FE7A952DD1236600D51E3C /* Build configuration list for PBXNativeTarget "brain_switchingApp" */ = {
			isa = XCConfigurationList;
			buildConfigurations = (
				04FE7A962DD1236600D51E3C /* Debug */,
				04FE7A972DD1236600D51E3C /* Release */,
			);
			defaultConfigurationIsVisible = 0;
			defaultConfigurationName = Release;
		};
		04FE7A982DD1236600D51E3C /* Build configuration list for PBXNativeTarget "brain_switchingAppTests" */ = {
			isa = XCConfigurationList;
			buildConfigurations = (
				04FE7A992DD1236600D51E3C /* Debug */,
				04FE7A9A2DD1236600D51E3C /* Release */,
			);
			defaultConfigurationIsVisible = 0;
			defaultConfigurationName = Release;
		};
		04FE7A9B2DD1236600D51E3C /* Build configuration list for PBXNativeTarget "brain_switchingAppUITests" */ = {
			isa = XCConfigurationList;
			buildConfigurations = (
				04FE7A9C2DD1236600D51E3C /* Debug */,
				04FE7A9D2DD1236600D51E3C /* Release */,
			);
			defaultConfigurationIsVisible = 0;
			defaultConfigurationName = Release;
		};
/* End XCConfigurationList section */
	};
	rootObject = 04FE7A662DD1236500D51E3C /* Project object */;
}
